
Microsoft Visual Studio Solution File, Format Version 12.00
# Visual Studio 14
VisualStudioVersion = 14.0.25420.1
MinimumVisualStudioVersion = 10.0.40219.1
Project("{FAE04EC0-301F-11D3-BF4B-00C04F79EFBC}") = "SystemOfSqures", "SystemOfSqures\SystemOfSqures.csproj", "{E3C339F5-5B8A-4892-A3C0-513C9FAEF07E}"
EndProject
Global
	GlobalSection(SolutionConfigurationPlatforms) = preSolution
		Debug|Any CPU = Debug|Any CPU
		Release|Any CPU = Release|Any CPU
	EndGlobalSection
	GlobalSection(ProjectConfigurationPlatforms) = postSolution
		{E3C339F5-5B8A-4892-A3C0-513C9FAEF07E}.Debug|Any CPU.ActiveCfg = Debug|Any CPU
		{E3C339F5-5B8A-4892-A3C0-513C9FAEF07E}.Debug|Any CPU.Build.0 = Debug|Any CPU
		{E3C339F5-5B8A-4892-A3C0-513C9FAEF07E}.Release|Any CPU.ActiveCfg = Release|Any CPU
		{E3C339F5-5B8A-4892-A3C0-513C9FAEF07E}.Release|Any CPU.Build.0 = Release|Any CPU
	EndGlobalSection
	GlobalSection(SolutionProperties) = preSolution
		HideSolutionNode = FALSE
	EndGlobalSection
EndGlobal
