
Microsoft Visual Studio Solution File, Format Version 12.00
# Visual Studio Version 16
VisualStudioVersion = 16.0.28922.388
MinimumVisualStudioVersion = 10.0.40219.1
Project("{FAE04EC0-301F-11D3-BF4B-00C04F79EFBC}") = "String Variables", "String Variables\String Variables.csproj", "{A0809610-7C81-47EB-9232-A3C1CC7E9965}"
EndProject
Global
	GlobalSection(SolutionConfigurationPlatforms) = preSolution
		Debug|Any CPU = Debug|Any CPU
		Release|Any CPU = Release|Any CPU
	EndGlobalSection
	GlobalSection(ProjectConfigurationPlatforms) = postSolution
		{A0809610-7C81-47EB-9232-A3C1CC7E9965}.Debug|Any CPU.ActiveCfg = Debug|Any CPU
		{A0809610-7C81-47EB-9232-A3C1CC7E9965}.Debug|Any CPU.Build.0 = Debug|Any CPU
		{A0809610-7C81-47EB-9232-A3C1CC7E9965}.Release|Any CPU.ActiveCfg = Release|Any CPU
		{A0809610-7C81-47EB-9232-A3C1CC7E9965}.Release|Any CPU.Build.0 = Release|Any CPU
	EndGlobalSection
	GlobalSection(SolutionProperties) = preSolution
		HideSolutionNode = FALSE
	EndGlobalSection
	GlobalSection(ExtensibilityGlobals) = postSolution
		SolutionGuid = {CF9D509F-6483-44E6-AEAC-6E9E2D31942E}
	EndGlobalSection
EndGlobal
